dependencies:
  espressif/esp_codec_dev:
    component_hash: 54870f7a66dd93367b4153dedb22299efadf8b7b2ead322cdebc7c92a542fa35
    dependencies:
    - name: idf
      require: private
      version: '>=4.0'
    source:
      registry_url: https://components.espressif.com/
      type: service
    version: 1.5.7
  idf:
    source:
      type: idf
    version: 5.5.2
direct_dependencies:
- espressif/esp_codec_dev
- idf
manifest_hash: 6c6de5356f0e9bb5e501c2bdf4126e60121963b0a5ebe1f830e0ac775df73d7d
target: esp32
version: 2.0.0
